// !$*UTF8*$!
{
	archiveVersion = 1;
	classes = {
	};
	objectVersion = 46;
	objects = {

/* Begin PBXBuildFile section */
		3F1FFCB816493EFD00C6251F /* profile-image-placeholder.png in Resources */ = {isa = PBXBuildFile; fileRef = 3F1FFCB616493EFD00C6251F /* profile-image-placeholder.png */; };
		3F1FFCB916493EFD00C6251F /* profile-image-placeholder@2x.png in Resources */ = {isa = PBXBuildFile; fileRef = 3F1FFCB716493EFD00C6251F /* profile-image-placeholder@2x.png */; };
		3F1FFCBB16493FBD00C6251F /* global1.json in Resources */ = {isa = PBXBuildFile; fileRef = 3F1FFCBA16493FBD00C6251F /* global1.json */; };
		3F1FFD0B164940FE00C6251F /* NSDataAdditions.m in Sources */ = {isa = PBXBuildFile; fileRef = 3F1FFCDE164940FE00C6251F /* NSDataAdditions.m */; };
		3F1FFD0C164940FE00C6251F /* NSObjectAdditions.m in Sources */ = {isa = PBXBuildFile; fileRef = 3F1FFCE0164940FE00C6251F /* NSObjectAdditions.m */; };
		3F1FFD0D164940FE00C6251F /* NSStringAdditions.m in Sources */ = {isa = PBXBuildFile; fileRef = 3F1FFCE2164940FE00C6251F /* NSStringAdditions.m */; };
		3F1FFD0E164940FE00C6251F /* TTRequestLoader-Debug.m in Sources */ = {isa = PBXBuildFile; fileRef = 3F1FFCE4164940FE00C6251F /* TTRequestLoader-Debug.m */; };
		3F1FFD0F164940FE00C6251F /* TTURLRequestQueue-Debug.m in Sources */ = {isa = PBXBuildFile; fileRef = 3F1FFCE6164940FE00C6251F /* TTURLRequestQueue-Debug.m */; };
		3F1FFD10164940FE00C6251F /* TTDebug.m in Sources */ = {isa = PBXBuildFile; fileRef = 3F1FFCEA164940FE00C6251F /* TTDebug.m */; };
		3F1FFD11164940FE00C6251F /* TTErrorCodes.m in Sources */ = {isa = PBXBuildFile; fileRef = 3F1FFCED164940FE00C6251F /* TTErrorCodes.m */; };
		3F1FFD12164940FE00C6251F /* TTGlobalCore.m in Sources */ = {isa = PBXBuildFile; fileRef = 3F1FFCEF164940FE00C6251F /* TTGlobalCore.m */; };
		3F1FFD13164940FE00C6251F /* TTGlobalCorePaths.m in Sources */ = {isa = PBXBuildFile; fileRef = 3F1FFCF1164940FE00C6251F /* TTGlobalCorePaths.m */; };
		3F1FFD14164940FE00C6251F /* TTURLCache.m in Sources */ = {isa = PBXBuildFile; fileRef = 3F1FFCF4164940FE00C6251F /* TTURLCache.m */; };
		3F1FFD15164940FE00C6251F /* Only320Network.m in Sources */ = {isa = PBXBuildFile; fileRef = 3F1FFCF7164940FE00C6251F /* Only320Network.m */; };
		3F1FFD16164940FE00C6251F /* TTNetImageView.m in Sources */ = {isa = PBXBuildFile; fileRef = 3F1FFCF9164940FE00C6251F /* TTNetImageView.m */; };
		3F1FFD17164940FE00C6251F /* TTRequestLoader.m in Sources */ = {isa = PBXBuildFile; fileRef = 3F1FFCFC164940FE00C6251F /* TTRequestLoader.m */; };
		3F1FFD18164940FE00C6251F /* TTURLDataResponse.m in Sources */ = {isa = PBXBuildFile; fileRef = 3F1FFCFE164940FE00C6251F /* TTURLDataResponse.m */; };
		3F1FFD19164940FE00C6251F /* TTURLImageResponse.m in Sources */ = {isa = PBXBuildFile; fileRef = 3F1FFD00164940FE00C6251F /* TTURLImageResponse.m */; };
		3F1FFD1A164940FE00C6251F /* TTURLRequest.m in Sources */ = {isa = PBXBuildFile; fileRef = 3F1FFD02164940FE00C6251F /* TTURLRequest.m */; };
		3F1FFD1B164940FE00C6251F /* TTURLRequestQueue.m in Sources */ = {isa = PBXBuildFile; fileRef = 3F1FFD06164940FE00C6251F /* TTURLRequestQueue.m */; };
		3F1FFD1C164940FE00C6251F /* TTUserInfo.m in Sources */ = {isa = PBXBuildFile; fileRef = 3F1FFD0A164940FE00C6251F /* TTUserInfo.m */; };
		3FC0C427164B502800D5D800 /* global2.json in Resources */ = {isa = PBXBuildFile; fileRef = 3FC0C426164B502800D5D800 /* global2.json */; };
		3FE29D28164F485C00D5616B /* BTGlobalFeedController2.m in Sources */ = {isa = PBXBuildFile; fileRef = 3FE29D27164F485C00D5616B /* BTGlobalFeedController2.m */; };
		3FE29D2C164F72E400D5616B /* BTConsoleViewController.m in Sources */ = {isa = PBXBuildFile; fileRef = 3FE29D2B164F72E400D5616B /* BTConsoleViewController.m */; };
		3FE29D32164F7F8500D5616B /* global3.json in Resources */ = {isa = PBXBuildFile; fileRef = 3FE29D31164F7F8500D5616B /* global3.json */; };
		3FE29D35164F812300D5616B /* BTGlobalFeedController2n.m in Sources */ = {isa = PBXBuildFile; fileRef = 3FE29D34164F812300D5616B /* BTGlobalFeedController2n.m */; };
		3FE29D3B164F86BF00D5616B /* UITableViewController-Console.m in Sources */ = {isa = PBXBuildFile; fileRef = 3FE29D3A164F86BF00D5616B /* UITableViewController-Console.m */; };
		3FE29D3F164F8EA700D5616B /* BTDetailViewController.m in Sources */ = {isa = PBXBuildFile; fileRef = 3FE29D3E164F8EA700D5616B /* BTDetailViewController.m */; };
		3FF084EC1648F64B00AAD1FB /* BTRootViewController.m in Sources */ = {isa = PBXBuildFile; fileRef = 3FF084EB1648F64B00AAD1FB /* BTRootViewController.m */; };
		3FF084F01648FE6200AAD1FB /* BTBaseFeedController.m in Sources */ = {isa = PBXBuildFile; fileRef = 3FF084EF1648FE6100AAD1FB /* BTBaseFeedController.m */; };
		3FF084F61648FFF100AAD1FB /* Post.m in Sources */ = {isa = PBXBuildFile; fileRef = 3FF084F31648FFF100AAD1FB /* Post.m */; };
		3FF084F71648FFF100AAD1FB /* User.m in Sources */ = {isa = PBXBuildFile; fileRef = 3FF084F51648FFF100AAD1FB /* User.m */; };
		3FF084F91649048000AAD1FB /* global0.json in Resources */ = {isa = PBXBuildFile; fileRef = 3FF084F81649048000AAD1FB /* global0.json */; };
		3FF084FD1649052500AAD1FB /* PostTableViewCell.m in Sources */ = {isa = PBXBuildFile; fileRef = 3FF084FC1649052500AAD1FB /* PostTableViewCell.m */; };
		3FF86B911647D4FD00CB3682 /* UIKit.framework in Frameworks */ = {isa = PBXBuildFile; fileRef = 3FF86B901647D4FD00CB3682 /* UIKit.framework */; };
		3FF86B931647D4FD00CB3682 /* Foundation.framework in Frameworks */ = {isa = PBXBuildFile; fileRef = 3FF86B921647D4FD00CB3682 /* Foundation.framework */; };
		3FF86B951647D4FD00CB3682 /* CoreGraphics.framework in Frameworks */ = {isa = PBXBuildFile; fileRef = 3FF86B941647D4FD00CB3682 /* CoreGraphics.framework */; };
		3FF86B9B1647D4FD00CB3682 /* InfoPlist.strings in Resources */ = {isa = PBXBuildFile; fileRef = 3FF86B991647D4FD00CB3682 /* InfoPlist.strings */; };
		3FF86B9D1647D4FD00CB3682 /* main.m in Sources */ = {isa = PBXBuildFile; fileRef = 3FF86B9C1647D4FD00CB3682 /* main.m */; };
		3FF86BA11647D4FD00CB3682 /* BTAppDelegate.m in Sources */ = {isa = PBXBuildFile; fileRef = 3FF86BA01647D4FD00CB3682 /* BTAppDelegate.m */; };
		3FF86BA31647D4FD00CB3682 /* Default.png in Resources */ = {isa = PBXBuildFile; fileRef = 3FF86BA21647D4FD00CB3682 /* Default.png */; };
		3FF86BA51647D4FD00CB3682 /* Default@2x.png in Resources */ = {isa = PBXBuildFile; fileRef = 3FF86BA41647D4FD00CB3682 /* Default@2x.png */; };
		3FF86BA71647D4FD00CB3682 /* Default-568h@2x.png in Resources */ = {isa = PBXBuildFile; fileRef = 3FF86BA61647D4FD00CB3682 /* Default-568h@2x.png */; };
		3FF86BAF1647D4FD00CB3682 /* SenTestingKit.framework in Frameworks */ = {isa = PBXBuildFile; fileRef = 3FF86BAE1647D4FD00CB3682 /* SenTestingKit.framework */; };
		3FF86BB01647D4FD00CB3682 /* UIKit.framework in Frameworks */ = {isa = PBXBuildFile; fileRef = 3FF86B901647D4FD00CB3682 /* UIKit.framework */; };
		3FF86BB11647D4FD00CB3682 /* Foundation.framework in Frameworks */ = {isa = PBXBuildFile; fileRef = 3FF86B921647D4FD00CB3682 /* Foundation.framework */; };
		3FF86BB91647D4FD00CB3682 /* InfoPlist.strings in Resources */ = {isa = PBXBuildFile; fileRef = 3FF86BB71647D4FD00CB3682 /* InfoPlist.strings */; };
		3FF86BBC1647D4FD00CB3682 /* BTNetworkTests.m in Sources */ = {isa = PBXBuildFile; fileRef = 3FF86BBB1647D4FD00CB3682 /* BTNetworkTests.m */; };
		4EDC5296164B630A00E3C490 /* BTGlobalFeedController1.m in Sources */ = {isa = PBXBuildFile; fileRef = 4EDC5295164B630A00E3C490 /* BTGlobalFeedController1.m */; };
/* End PBXBuildFile section */

/* Begin PBXContainerItemProxy section */
		3FF86BB21647D4FD00CB3682 /* PBXContainerItemProxy */ = {
			isa = PBXContainerItemProxy;
			containerPortal = 3FF86B831647D4FD00CB3682 /* Project object */;
			proxyType = 1;
			remoteGlobalIDString = 3FF86B8B1647D4FD00CB3682;
			remoteInfo = BTNetwork;
		};
/* End PBXContainerItemProxy section */

/* Begin PBXFileReference section */
		3F1FFCB616493EFD00C6251F /* profile-image-placeholder.png */ = {isa = PBXFileReference; lastKnownFileType = image.png; path = "profile-image-placeholder.png"; sourceTree = "<group>"; };
		3F1FFCB716493EFD00C6251F /* profile-image-placeholder@2x.png */ = {isa = PBXFileReference; lastKnownFileType = image.png; path = "profile-image-placeholder@2x.png"; sourceTree = "<group>"; };
		3F1FFCBA16493FBD00C6251F /* global1.json */ = {isa = PBXFileReference; fileEncoding = 4; lastKnownFileType = text.json; path = global1.json; sourceTree = "<group>"; };
		3F1FFCDD164940FE00C6251F /* NSDataAdditions.h */ = {isa = PBXFileReference; fileEncoding = 4; lastKnownFileType = sourcecode.c.h; path = NSDataAdditions.h; sourceTree = "<group>"; };
		3F1FFCDE164940FE00C6251F /* NSDataAdditions.m */ = {isa = PBXFileReference; fileEncoding = 4; lastKnownFileType = sourcecode.c.objc; path = NSDataAdditions.m; sourceTree = "<group>"; };
		3F1FFCDF164940FE00C6251F /* NSObjectAdditions.h */ = {isa = PBXFileReference; fileEncoding = 4; lastKnownFileType = sourcecode.c.h; path = NSObjectAdditions.h; sourceTree = "<group>"; };
		3F1FFCE0164940FE00C6251F /* NSObjectAdditions.m */ = {isa = PBXFileReference; fileEncoding = 4; lastKnownFileType = sourcecode.c.objc; path = NSObjectAdditions.m; sourceTree = "<group>"; };
		3F1FFCE1164940FE00C6251F /* NSStringAdditions.h */ = {isa = PBXFileReference; fileEncoding = 4; lastKnownFileType = sourcecode.c.h; path = NSStringAdditions.h; sourceTree = "<group>"; };
		3F1FFCE2164940FE00C6251F /* NSStringAdditions.m */ = {isa = PBXFileReference; fileEncoding = 4; lastKnownFileType = sourcecode.c.objc; path = NSStringAdditions.m; sourceTree = "<group>"; };
		3F1FFCE3164940FE00C6251F /* TTRequestLoader-Debug.h */ = {isa = PBXFileReference; fileEncoding = 4; lastKnownFileType = sourcecode.c.h; path = "TTRequestLoader-Debug.h"; sourceTree = "<group>"; };
		3F1FFCE4164940FE00C6251F /* TTRequestLoader-Debug.m */ = {isa = PBXFileReference; fileEncoding = 4; lastKnownFileType = sourcecode.c.objc; path = "TTRequestLoader-Debug.m"; sourceTree = "<group>"; };
		3F1FFCE5164940FE00C6251F /* TTURLRequestQueue-Debug.h */ = {isa = PBXFileReference; fileEncoding = 4; lastKnownFileType = sourcecode.c.h; path = "TTURLRequestQueue-Debug.h"; sourceTree = "<group>"; };
		3F1FFCE6164940FE00C6251F /* TTURLRequestQueue-Debug.m */ = {isa = PBXFileReference; fileEncoding = 4; lastKnownFileType = sourcecode.c.objc; path = "TTURLRequestQueue-Debug.m"; sourceTree = "<group>"; };
		3F1FFCE8164940FE00C6251F /* TTCorePreprocessorMacros.h */ = {isa = PBXFileReference; fileEncoding = 4; lastKnownFileType = sourcecode.c.h; path = TTCorePreprocessorMacros.h; sourceTree = "<group>"; };
		3F1FFCE9164940FE00C6251F /* TTDebug.h */ = {isa = PBXFileReference; fileEncoding = 4; lastKnownFileType = sourcecode.c.h; path = TTDebug.h; sourceTree = "<group>"; };
		3F1FFCEA164940FE00C6251F /* TTDebug.m */ = {isa = PBXFileReference; fileEncoding = 4; lastKnownFileType = sourcecode.c.objc; path = TTDebug.m; sourceTree = "<group>"; };
		3F1FFCEB164940FE00C6251F /* TTDebugFlags.h */ = {isa = PBXFileReference; fileEncoding = 4; lastKnownFileType = sourcecode.c.h; path = TTDebugFlags.h; sourceTree = "<group>"; };
		3F1FFCEC164940FE00C6251F /* TTErrorCodes.h */ = {isa = PBXFileReference; fileEncoding = 4; lastKnownFileType = sourcecode.c.h; path = TTErrorCodes.h; sourceTree = "<group>"; };
		3F1FFCED164940FE00C6251F /* TTErrorCodes.m */ = {isa = PBXFileReference; fileEncoding = 4; lastKnownFileType = sourcecode.c.objc; path = TTErrorCodes.m; sourceTree = "<group>"; };
		3F1FFCEE164940FE00C6251F /* TTGlobalCore.h */ = {isa = PBXFileReference; fileEncoding = 4; lastKnownFileType = sourcecode.c.h; path = TTGlobalCore.h; sourceTree = "<group>"; };
		3F1FFCEF164940FE00C6251F /* TTGlobalCore.m */ = {isa = PBXFileReference; fileEncoding = 4; lastKnownFileType = sourcecode.c.objc; path = TTGlobalCore.m; sourceTree = "<group>"; };
		3F1FFCF0164940FE00C6251F /* TTGlobalCorePaths.h */ = {isa = PBXFileReference; fileEncoding = 4; lastKnownFileType = sourcecode.c.h; path = TTGlobalCorePaths.h; sourceTree = "<group>"; };
		3F1FFCF1164940FE00C6251F /* TTGlobalCorePaths.m */ = {isa = PBXFileReference; fileEncoding = 4; lastKnownFileType = sourcecode.c.objc; path = TTGlobalCorePaths.m; sourceTree = "<group>"; };
		3F1FFCF3164940FE00C6251F /* TTURLCache.h */ = {isa = PBXFileReference; fileEncoding = 4; lastKnownFileType = sourcecode.c.h; path = TTURLCache.h; sourceTree = "<group>"; };
		3F1FFCF4164940FE00C6251F /* TTURLCache.m */ = {isa = PBXFileReference; fileEncoding = 4; lastKnownFileType = sourcecode.c.objc; path = TTURLCache.m; sourceTree = "<group>"; };
		3F1FFCF5164940FE00C6251F /* Only320Network-Prefix.pch */ = {isa = PBXFileReference; fileEncoding = 4; lastKnownFileType = sourcecode.c.h; path = "Only320Network-Prefix.pch"; sourceTree = "<group>"; };
		3F1FFCF6164940FE00C6251F /* Only320Network.h */ = {isa = PBXFileReference; fileEncoding = 4; lastKnownFileType = sourcecode.c.h; path = Only320Network.h; sourceTree = "<group>"; };
		3F1FFCF7164940FE00C6251F /* Only320Network.m */ = {isa = PBXFileReference; fileEncoding = 4; lastKnownFileType = sourcecode.c.objc; path = Only320Network.m; sourceTree = "<group>"; };
		3F1FFCF8164940FE00C6251F /* TTNetImageView.h */ = {isa = PBXFileReference; fileEncoding = 4; lastKnownFileType = sourcecode.c.h; path = TTNetImageView.h; sourceTree = "<group>"; };
		3F1FFCF9164940FE00C6251F /* TTNetImageView.m */ = {isa = PBXFileReference; fileEncoding = 4; lastKnownFileType = sourcecode.c.objc; path = TTNetImageView.m; sourceTree = "<group>"; };
		3F1FFCFA164940FE00C6251F /* TTNetImageViewDelegate.h */ = {isa = PBXFileReference; fileEncoding = 4; lastKnownFileType = sourcecode.c.h; path = TTNetImageViewDelegate.h; sourceTree = "<group>"; };
		3F1FFCFB164940FE00C6251F /* TTRequestLoader.h */ = {isa = PBXFileReference; fileEncoding = 4; lastKnownFileType = sourcecode.c.h; path = TTRequestLoader.h; sourceTree = "<group>"; };
		3F1FFCFC164940FE00C6251F /* TTRequestLoader.m */ = {isa = PBXFileReference; fileEncoding = 4; lastKnownFileType = sourcecode.c.objc; path = TTRequestLoader.m; sourceTree = "<group>"; };
		3F1FFCFD164940FE00C6251F /* TTURLDataResponse.h */ = {isa = PBXFileReference; fileEncoding = 4; lastKnownFileType = sourcecode.c.h; path = TTURLDataResponse.h; sourceTree = "<group>"; };
		3F1FFCFE164940FE00C6251F /* TTURLDataResponse.m */ = {isa = PBXFileReference; fileEncoding = 4; lastKnownFileType = sourcecode.c.objc; path = TTURLDataResponse.m; sourceTree = "<group>"; };
		3F1FFCFF164940FE00C6251F /* TTURLImageResponse.h */ = {isa = PBXFileReference; fileEncoding = 4; lastKnownFileType = sourcecode.c.h; path = TTURLImageResponse.h; sourceTree = "<group>"; };
		3F1FFD00164940FE00C6251F /* TTURLImageResponse.m */ = {isa = PBXFileReference; fileEncoding = 4; lastKnownFileType = sourcecode.c.objc; path = TTURLImageResponse.m; sourceTree = "<group>"; };
		3F1FFD01164940FE00C6251F /* TTURLRequest.h */ = {isa = PBXFileReference; fileEncoding = 4; lastKnownFileType = sourcecode.c.h; path = TTURLRequest.h; sourceTree = "<group>"; };
		3F1FFD02164940FE00C6251F /* TTURLRequest.m */ = {isa = PBXFileReference; fileEncoding = 4; lastKnownFileType = sourcecode.c.objc; path = TTURLRequest.m; sourceTree = "<group>"; };
		3F1FFD03164940FE00C6251F /* TTURLRequestCachePolicy.h */ = {isa = PBXFileReference; fileEncoding = 4; lastKnownFileType = sourcecode.c.h; path = TTURLRequestCachePolicy.h; sourceTree = "<group>"; };
		3F1FFD04164940FE00C6251F /* TTURLRequestDelegate.h */ = {isa = PBXFileReference; fileEncoding = 4; lastKnownFileType = sourcecode.c.h; path = TTURLRequestDelegate.h; sourceTree = "<group>"; };
		3F1FFD05164940FE00C6251F /* TTURLRequestQueue.h */ = {isa = PBXFileReference; fileEncoding = 4; lastKnownFileType = sourcecode.c.h; path = TTURLRequestQueue.h; sourceTree = "<group>"; };
		3F1FFD06164940FE00C6251F /* TTURLRequestQueue.m */ = {isa = PBXFileReference; fileEncoding = 4; lastKnownFileType = sourcecode.c.objc; path = TTURLRequestQueue.m; sourceTree = "<group>"; };
		3F1FFD07164940FE00C6251F /* TTURLRequestQueueInternal.h */ = {isa = PBXFileReference; fileEncoding = 4; lastKnownFileType = sourcecode.c.h; path = TTURLRequestQueueInternal.h; sourceTree = "<group>"; };
		3F1FFD08164940FE00C6251F /* TTURLResponse.h */ = {isa = PBXFileReference; fileEncoding = 4; lastKnownFileType = sourcecode.c.h; path = TTURLResponse.h; sourceTree = "<group>"; };
		3F1FFD09164940FE00C6251F /* TTUserInfo.h */ = {isa = PBXFileReference; fileEncoding = 4; lastKnownFileType = sourcecode.c.h; path = TTUserInfo.h; sourceTree = "<group>"; };
		3F1FFD0A164940FE00C6251F /* TTUserInfo.m */ = {isa = PBXFileReference; fileEncoding = 4; lastKnownFileType = sourcecode.c.objc; path = TTUserInfo.m; sourceTree = "<group>"; };
		3FC0C426164B502800D5D800 /* global2.json */ = {isa = PBXFileReference; fileEncoding = 4; lastKnownFileType = text.json; path = global2.json; sourceTree = "<group>"; };
		3FE29D26164F485C00D5616B /* BTGlobalFeedController2.h */ = {isa = PBXFileReference; fileEncoding = 4; lastKnownFileType = sourcecode.c.h; path = BTGlobalFeedController2.h; sourceTree = "<group>"; };
		3FE29D27164F485C00D5616B /* BTGlobalFeedController2.m */ = {isa = PBXFileReference; fileEncoding = 4; lastKnownFileType = sourcecode.c.objc; path = BTGlobalFeedController2.m; sourceTree = "<group>"; };
		3FE29D2A164F72E400D5616B /* BTConsoleViewController.h */ = {isa = PBXFileReference; fileEncoding = 4; lastKnownFileType = sourcecode.c.h; path = BTConsoleViewController.h; sourceTree = "<group>"; };
		3FE29D2B164F72E400D5616B /* BTConsoleViewController.m */ = {isa = PBXFileReference; fileEncoding = 4; lastKnownFileType = sourcecode.c.objc; path = BTConsoleViewController.m; sourceTree = "<group>"; };
		3FE29D31164F7F8500D5616B /* global3.json */ = {isa = PBXFileReference; fileEncoding = 4; lastKnownFileType = text.json; path = global3.json; sourceTree = "<group>"; };
		3FE29D33164F812300D5616B /* BTGlobalFeedController2n.h */ = {isa = PBXFileReference; fileEncoding = 4; lastKnownFileType = sourcecode.c.h; path = BTGlobalFeedController2n.h; sourceTree = "<group>"; };
		3FE29D34164F812300D5616B /* BTGlobalFeedController2n.m */ = {isa = PBXFileReference; fileEncoding = 4; lastKnownFileType = sourcecode.c.objc; path = BTGlobalFeedController2n.m; sourceTree = "<group>"; };
		3FE29D39164F86BF00D5616B /* UITableViewController-Console.h */ = {isa = PBXFileReference; fileEncoding = 4; lastKnownFileType = sourcecode.c.h; path = "UITableViewController-Console.h"; sourceTree = "<group>"; };
		3FE29D3A164F86BF00D5616B /* UITableViewController-Console.m */ = {isa = PBXFileReference; fileEncoding = 4; lastKnownFileType = sourcecode.c.objc; path = "UITableViewController-Console.m"; sourceTree = "<group>"; };
		3FE29D3D164F8EA600D5616B /* BTDetailViewController.h */ = {isa = PBXFileReference; fileEncoding = 4; lastKnownFileType = sourcecode.c.h; path = BTDetailViewController.h; sourceTree = "<group>"; };
		3FE29D3E164F8EA700D5616B /* BTDetailViewController.m */ = {isa = PBXFileReference; fileEncoding = 4; lastKnownFileType = sourcecode.c.objc; path = BTDetailViewController.m; sourceTree = "<group>"; };
		3FF084EA1648F64B00AAD1FB /* BTRootViewController.h */ = {isa = PBXFileReference; fileEncoding = 4; lastKnownFileType = sourcecode.c.h; path = BTRootViewController.h; sourceTree = "<group>"; };
		3FF084EB1648F64B00AAD1FB /* BTRootViewController.m */ = {isa = PBXFileReference; fileEncoding = 4; lastKnownFileType = sourcecode.c.objc; path = BTRootViewController.m; sourceTree = "<group>"; };
		3FF084EE1648FE6100AAD1FB /* BTBaseFeedController.h */ = {isa = PBXFileReference; fileEncoding = 4; lastKnownFileType = sourcecode.c.h; path = BTBaseFeedController.h; sourceTree = "<group>"; };
		3FF084EF1648FE6100AAD1FB /* BTBaseFeedController.m */ = {isa = PBXFileReference; fileEncoding = 4; lastKnownFileType = sourcecode.c.objc; path = BTBaseFeedController.m; sourceTree = "<group>"; };
		3FF084F21648FFF100AAD1FB /* Post.h */ = {isa = PBXFileReference; fileEncoding = 4; lastKnownFileType = sourcecode.c.h; path = Post.h; sourceTree = "<group>"; };
		3FF084F31648FFF100AAD1FB /* Post.m */ = {isa = PBXFileReference; fileEncoding = 4; lastKnownFileType = sourcecode.c.objc; path = Post.m; sourceTree = "<group>"; };
		3FF084F41648FFF100AAD1FB /* User.h */ = {isa = PBXFileReference; fileEncoding = 4; lastKnownFileType = sourcecode.c.h; path = User.h; sourceTree = "<group>"; };
		3FF084F51648FFF100AAD1FB /* User.m */ = {isa = PBXFileReference; fileEncoding = 4; lastKnownFileType = sourcecode.c.objc; path = User.m; sourceTree = "<group>"; };
		3FF084F81649048000AAD1FB /* global0.json */ = {isa = PBXFileReference; fileEncoding = 4; lastKnownFileType = text.json; path = global0.json; sourceTree = "<group>"; };
		3FF084FB1649052500AAD1FB /* PostTableViewCell.h */ = {isa = PBXFileReference; fileEncoding = 4; lastKnownFileType = sourcecode.c.h; path = PostTableViewCell.h; sourceTree = "<group>"; };
		3FF084FC1649052500AAD1FB /* PostTableViewCell.m */ = {isa = PBXFileReference; fileEncoding = 4; lastKnownFileType = sourcecode.c.objc; path = PostTableViewCell.m; sourceTree = "<group>"; };
		3FF86B8C1647D4FD00CB3682 /* BTNetwork.app */ = {isa = PBXFileReference; explicitFileType = wrapper.application; includeInIndex = 0; path = BTNetwork.app; sourceTree = BUILT_PRODUCTS_DIR; };
		3FF86B901647D4FD00CB3682 /* UIKit.framework */ = {isa = PBXFileReference; lastKnownFileType = wrapper.framework; name = UIKit.framework; path = System/Library/Frameworks/UIKit.framework; sourceTree = SDKROOT; };
		3FF86B921647D4FD00CB3682 /* Foundation.framework */ = {isa = PBXFileReference; lastKnownFileType = wrapper.framework; name = Foundation.framework; path = System/Library/Frameworks/Foundation.framework; sourceTree = SDKROOT; };
		3FF86B941647D4FD00CB3682 /* CoreGraphics.framework */ = {isa = PBXFileReference; lastKnownFileType = wrapper.framework; name = CoreGraphics.framework; path = System/Library/Frameworks/CoreGraphics.framework; sourceTree = SDKROOT; };
		3FF86B981647D4FD00CB3682 /* BTNetwork-Info.plist */ = {isa = PBXFileReference; lastKnownFileType = text.plist.xml; path = "BTNetwork-Info.plist"; sourceTree = "<group>"; };
		3FF86B9A1647D4FD00CB3682 /* en */ = {isa = PBXFileReference; lastKnownFileType = text.plist.strings; name = en; path = en.lproj/InfoPlist.strings; sourceTree = "<group>"; };
		3FF86B9C1647D4FD00CB3682 /* main.m */ = {isa = PBXFileReference; lastKnownFileType = sourcecode.c.objc; path = main.m; sourceTree = "<group>"; };
		3FF86B9E1647D4FD00CB3682 /* BTNetwork-Prefix.pch */ = {isa = PBXFileReference; lastKnownFileType = sourcecode.c.h; path = "BTNetwork-Prefix.pch"; sourceTree = "<group>"; };
		3FF86B9F1647D4FD00CB3682 /* BTAppDelegate.h */ = {isa = PBXFileReference; lastKnownFileType = sourcecode.c.h; path = BTAppDelegate.h; sourceTree = "<group>"; };
		3FF86BA01647D4FD00CB3682 /* BTAppDelegate.m */ = {isa = PBXFileReference; lastKnownFileType = sourcecode.c.objc; path = BTAppDelegate.m; sourceTree = "<group>"; };
		3FF86BA21647D4FD00CB3682 /* Default.png */ = {isa = PBXFileReference; lastKnownFileType = image.png; path = Default.png; sourceTree = "<group>"; };
		3FF86BA41647D4FD00CB3682 /* Default@2x.png */ = {isa = PBXFileReference; lastKnownFileType = image.png; path = "Default@2x.png"; sourceTree = "<group>"; };
		3FF86BA61647D4FD00CB3682 /* Default-568h@2x.png */ = {isa = PBXFileReference; lastKnownFileType = image.png; path = "Default-568h@2x.png"; sourceTree = "<group>"; };
		3FF86BAD1647D4FD00CB3682 /* BTNetworkTests.octest */ = {isa = PBXFileReference; explicitFileType = wrapper.cfbundle; includeInIndex = 0; path = BTNetworkTests.octest; sourceTree = BUILT_PRODUCTS_DIR; };
		3FF86BAE1647D4FD00CB3682 /* SenTestingKit.framework */ = {isa = PBXFileReference; lastKnownFileType = wrapper.framework; name = SenTestingKit.framework; path = Library/Frameworks/SenTestingKit.framework; sourceTree = DEVELOPER_DIR; };
		3FF86BB61647D4FD00CB3682 /* BTNetworkTests-Info.plist */ = {isa = PBXFileReference; lastKnownFileType = text.plist.xml; path = "BTNetworkTests-Info.plist"; sourceTree = "<group>"; };
		3FF86BB81647D4FD00CB3682 /* en */ = {isa = PBXFileReference; lastKnownFileType = text.plist.strings; name = en; path = en.lproj/InfoPlist.strings; sourceTree = "<group>"; };
		3FF86BBA1647D4FD00CB3682 /* BTNetworkTests.h */ = {isa = PBXFileReference; lastKnownFileType = sourcecode.c.h; path = BTNetworkTests.h; sourceTree = "<group>"; };
		3FF86BBB1647D4FD00CB3682 /* BTNetworkTests.m */ = {isa = PBXFileReference; lastKnownFileType = sourcecode.c.objc; path = BTNetworkTests.m; sourceTree = "<group>"; };
		4EDC5294164B630A00E3C490 /* BTGlobalFeedController1.h */ = {isa = PBXFileReference; fileEncoding = 4; lastKnownFileType = sourcecode.c.h; path = BTGlobalFeedController1.h; sourceTree = "<group>"; };
		4EDC5295164B630A00E3C490 /* BTGlobalFeedController1.m */ = {isa = PBXFileReference; fileEncoding = 4; lastKnownFileType = sourcecode.c.objc; path = BTGlobalFeedController1.m; sourceTree = "<group>"; };
/* End PBXFileReference section */

/* Begin PBXFrameworksBuildPhase section */
		3FF86B891647D4FD00CB3682 /* Frameworks */ = {
			isa = PBXFrameworksBuildPhase;
			buildActionMask = 2147483647;
			files = (
				3FF86B911647D4FD00CB3682 /* UIKit.framework in Frameworks */,
				3FF86B931647D4FD00CB3682 /* Foundation.framework in Frameworks */,
				3FF86B951647D4FD00CB3682 /* CoreGraphics.framework in Frameworks */,
			);
			runOnlyForDeploymentPostprocessing = 0;
		};
		3FF86BA91647D4FD00CB3682 /* Frameworks */ = {
			isa = PBXFrameworksBuildPhase;
			buildActionMask = 2147483647;
			files = (
				3FF86BAF1647D4FD00CB3682 /* SenTestingKit.framework in Frameworks */,
				3FF86BB01647D4FD00CB3682 /* UIKit.framework in Frameworks */,
				3FF86BB11647D4FD00CB3682 /* Foundation.framework in Frameworks */,
			);
			runOnlyForDeploymentPostprocessing = 0;
		};
/* End PBXFrameworksBuildPhase section */

/* Begin PBXGroup section */
		3F1FFCB516493EF500C6251F /* Images */ = {
			isa = PBXGroup;
			children = (
				3F1FFCB616493EFD00C6251F /* profile-image-placeholder.png */,
				3F1FFCB716493EFD00C6251F /* profile-image-placeholder@2x.png */,
			);
			name = Images;
			sourceTree = "<group>";
		};
		3F1FFCBC164940A800C6251F /* Classes */ = {
			isa = PBXGroup;
			children = (
				3FF084FA1649051C00AAD1FB /* Views */,
				3FF084F11648FFE300AAD1FB /* Models */,
				3FF86B9F1647D4FD00CB3682 /* BTAppDelegate.h */,
				3FF86BA01647D4FD00CB3682 /* BTAppDelegate.m */,
				3FF084EA1648F64B00AAD1FB /* BTRootViewController.h */,
				3FF084EB1648F64B00AAD1FB /* BTRootViewController.m */,
				3FE29D2A164F72E400D5616B /* BTConsoleViewController.h */,
				3FE29D2B164F72E400D5616B /* BTConsoleViewController.m */,
				3FF084EE1648FE6100AAD1FB /* BTBaseFeedController.h */,
				3FF084EF1648FE6100AAD1FB /* BTBaseFeedController.m */,
				4EDC5294164B630A00E3C490 /* BTGlobalFeedController1.h */,
				4EDC5295164B630A00E3C490 /* BTGlobalFeedController1.m */,
				3FE29D26164F485C00D5616B /* BTGlobalFeedController2.h */,
				3FE29D27164F485C00D5616B /* BTGlobalFeedController2.m */,
				3FE29D33164F812300D5616B /* BTGlobalFeedController2n.h */,
				3FE29D34164F812300D5616B /* BTGlobalFeedController2n.m */,
				3FE29D3D164F8EA600D5616B /* BTDetailViewController.h */,
				3FE29D3E164F8EA700D5616B /* BTDetailViewController.m */,
				3FE29D39164F86BF00D5616B /* UITableViewController-Console.h */,
				3FE29D3A164F86BF00D5616B /* UITableViewController-Console.m */,
			);
			name = Classes;
			sourceTree = "<group>";
		};
		3F1FFCBD164940BB00C6251F /* Vendor */ = {
			isa = PBXGroup;
			children = (
				3F1FFCDB164940FE00C6251F /* Only320Network */,
			);
			name = Vendor;
			sourceTree = "<group>";
		};
		3F1FFCDB164940FE00C6251F /* Only320Network */ = {
			isa = PBXGroup;
			children = (
				3F1FFCDC164940FE00C6251F /* Additions */,
				3F1FFCE7164940FE00C6251F /* Base */,
				3F1FFCF2164940FE00C6251F /* Cache */,
				3F1FFCF5164940FE00C6251F /* Only320Network-Prefix.pch */,
				3F1FFCF6164940FE00C6251F /* Only320Network.h */,
				3F1FFCF7164940FE00C6251F /* Only320Network.m */,
				3F1FFCF8164940FE00C6251F /* TTNetImageView.h */,
				3F1FFCF9164940FE00C6251F /* TTNetImageView.m */,
				3F1FFCFA164940FE00C6251F /* TTNetImageViewDelegate.h */,
				3F1FFCFB164940FE00C6251F /* TTRequestLoader.h */,
				3F1FFCFC164940FE00C6251F /* TTRequestLoader.m */,
				3F1FFCFD164940FE00C6251F /* TTURLDataResponse.h */,
				3F1FFCFE164940FE00C6251F /* TTURLDataResponse.m */,
				3F1FFCFF164940FE00C6251F /* TTURLImageResponse.h */,
				3F1FFD00164940FE00C6251F /* TTURLImageResponse.m */,
				3F1FFD01164940FE00C6251F /* TTURLRequest.h */,
				3F1FFD02164940FE00C6251F /* TTURLRequest.m */,
				3F1FFD03164940FE00C6251F /* TTURLRequestCachePolicy.h */,
				3F1FFD04164940FE00C6251F /* TTURLRequestDelegate.h */,
				3F1FFD05164940FE00C6251F /* TTURLRequestQueue.h */,
				3F1FFD06164940FE00C6251F /* TTURLRequestQueue.m */,
				3F1FFD07164940FE00C6251F /* TTURLRequestQueueInternal.h */,
				3F1FFD08164940FE00C6251F /* TTURLResponse.h */,
				3F1FFD09164940FE00C6251F /* TTUserInfo.h */,
				3F1FFD0A164940FE00C6251F /* TTUserInfo.m */,
			);
			path = Only320Network;
			sourceTree = "<group>";
		};
		3F1FFCDC164940FE00C6251F /* Additions */ = {
			isa = PBXGroup;
			children = (
				3F1FFCDD164940FE00C6251F /* NSDataAdditions.h */,
				3F1FFCDE164940FE00C6251F /* NSDataAdditions.m */,
				3F1FFCDF164940FE00C6251F /* NSObjectAdditions.h */,
				3F1FFCE0164940FE00C6251F /* NSObjectAdditions.m */,
				3F1FFCE1164940FE00C6251F /* NSStringAdditions.h */,
				3F1FFCE2164940FE00C6251F /* NSStringAdditions.m */,
				3F1FFCE3164940FE00C6251F /* TTRequestLoader-Debug.h */,
				3F1FFCE4164940FE00C6251F /* TTRequestLoader-Debug.m */,
				3F1FFCE5164940FE00C6251F /* TTURLRequestQueue-Debug.h */,
				3F1FFCE6164940FE00C6251F /* TTURLRequestQueue-Debug.m */,
			);
			path = Additions;
			sourceTree = "<group>";
		};
		3F1FFCE7164940FE00C6251F /* Base */ = {
			isa = PBXGroup;
			children = (
				3F1FFCE8164940FE00C6251F /* TTCorePreprocessorMacros.h */,
				3F1FFCE9164940FE00C6251F /* TTDebug.h */,
				3F1FFCEA164940FE00C6251F /* TTDebug.m */,
				3F1FFCEB164940FE00C6251F /* TTDebugFlags.h */,
				3F1FFCEC164940FE00C6251F /* TTErrorCodes.h */,
				3F1FFCED164940FE00C6251F /* TTErrorCodes.m */,
				3F1FFCEE164940FE00C6251F /* TTGlobalCore.h */,
				3F1FFCEF164940FE00C6251F /* TTGlobalCore.m */,
				3F1FFCF0164940FE00C6251F /* TTGlobalCorePaths.h */,
				3F1FFCF1164940FE00C6251F /* TTGlobalCorePaths.m */,
			);
			path = Base;
			sourceTree = "<group>";
		};
		3F1FFCF2164940FE00C6251F /* Cache */ = {
			isa = PBXGroup;
			children = (
				3F1FFCF3164940FE00C6251F /* TTURLCache.h */,
				3F1FFCF4164940FE00C6251F /* TTURLCache.m */,
			);
			path = Cache;
			sourceTree = "<group>";
		};
		3FF084F11648FFE300AAD1FB /* Models */ = {
			isa = PBXGroup;
			children = (
				3FF084F21648FFF100AAD1FB /* Post.h */,
				3FF084F31648FFF100AAD1FB /* Post.m */,
				3FF084F41648FFF100AAD1FB /* User.h */,
				3FF084F51648FFF100AAD1FB /* User.m */,
			);
			name = Models;
			sourceTree = "<group>";
		};
		3FF084FA1649051C00AAD1FB /* Views */ = {
			isa = PBXGroup;
			children = (
				3FF084FB1649052500AAD1FB /* PostTableViewCell.h */,
				3FF084FC1649052500AAD1FB /* PostTableViewCell.m */,
			);
			name = Views;
			sourceTree = "<group>";
		};
		3FF86B811647D4FD00CB3682 = {
			isa = PBXGroup;
			children = (
				3FF86B961647D4FD00CB3682 /* BTNetwork */,
				3FF86BB41647D4FD00CB3682 /* BTNetworkTests */,
				3FF86B8F1647D4FD00CB3682 /* Frameworks */,
				3FF86B8D1647D4FD00CB3682 /* Products */,
			);
			sourceTree = "<group>";
		};
		3FF86B8D1647D4FD00CB3682 /* Products */ = {
			isa = PBXGroup;
			children = (
				3FF86B8C1647D4FD00CB3682 /* BTNetwork.app */,
				3FF86BAD1647D4FD00CB3682 /* BTNetworkTests.octest */,
			);
			name = Products;
			sourceTree = "<group>";
		};
		3FF86B8F1647D4FD00CB3682 /* Frameworks */ = {
			isa = PBXGroup;
			children = (
				3FF86B901647D4FD00CB3682 /* UIKit.framework */,
				3FF86B921647D4FD00CB3682 /* Foundation.framework */,
				3FF86B941647D4FD00CB3682 /* CoreGraphics.framework */,
				3FF86BAE1647D4FD00CB3682 /* SenTestingKit.framework */,
			);
			name = Frameworks;
			sourceTree = "<group>";
		};
		3FF86B961647D4FD00CB3682 /* BTNetwork */ = {
			isa = PBXGroup;
			children = (
				3F1FFCBD164940BB00C6251F /* Vendor */,
				3F1FFCBC164940A800C6251F /* Classes */,
				3F1FFCB516493EF500C6251F /* Images */,
				3FF86B971647D4FD00CB3682 /* Supporting Files */,
			);
			path = BTNetwork;
			sourceTree = "<group>";
		};
		3FF86B971647D4FD00CB3682 /* Supporting Files */ = {
			isa = PBXGroup;
			children = (
				3FE29D31164F7F8500D5616B /* global3.json */,
				3FC0C426164B502800D5D800 /* global2.json */,
				3F1FFCBA16493FBD00C6251F /* global1.json */,
				3FF084F81649048000AAD1FB /* global0.json */,
				3FF86B981647D4FD00CB3682 /* BTNetwork-Info.plist */,
				3FF86B991647D4FD00CB3682 /* InfoPlist.strings */,
				3FF86B9C1647D4FD00CB3682 /* main.m */,
				3FF86B9E1647D4FD00CB3682 /* BTNetwork-Prefix.pch */,
				3FF86BA21647D4FD00CB3682 /* Default.png */,
				3FF86BA41647D4FD00CB3682 /* Default@2x.png */,
				3FF86BA61647D4FD00CB3682 /* Default-568h@2x.png */,
			);
			name = "Supporting Files";
			sourceTree = "<group>";
		};
		3FF86BB41647D4FD00CB3682 /* BTNetworkTests */ = {
			isa = PBXGroup;
			children = (
				3FF86BBA1647D4FD00CB3682 /* BTNetworkTests.h */,
				3FF86BBB1647D4FD00CB3682 /* BTNetworkTests.m */,
				3FF86BB51647D4FD00CB3682 /* Supporting Files */,
			);
			path = BTNetworkTests;
			sourceTree = "<group>";
		};
		3FF86BB51647D4FD00CB3682 /* Supporting Files */ = {
			isa = PBXGroup;
			children = (
				3FF86BB61647D4FD00CB3682 /* BTNetworkTests-Info.plist */,
				3FF86BB71647D4FD00CB3682 /* InfoPlist.strings */,
			);
			name = "Supporting Files";
			sourceTree = "<group>";
		};
/* End PBXGroup section */

/* Begin PBXNativeTarget section */
		3FF86B8B1647D4FD00CB3682 /* BTNetwork */ = {
			isa = PBXNativeTarget;
			buildConfigurationList = 3FF86BBF1647D4FD00CB3682 /* Build configuration list for PBXNativeTarget "BTNetwork" */;
			buildPhases = (
				3FF86B881647D4FD00CB3682 /* Sources */,
				3FF86B891647D4FD00CB3682 /* Frameworks */,
				3FF86B8A1647D4FD00CB3682 /* Resources */,
			);
			buildRules = (
			);
			dependencies = (
			);
			name = BTNetwork;
			productName = BTNetwork;
			productReference = 3FF86B8C1647D4FD00CB3682 /* BTNetwork.app */;
			productType = "com.apple.product-type.application";
		};
		3FF86BAC1647D4FD00CB3682 /* BTNetworkTests */ = {
			isa = PBXNativeTarget;
			buildConfigurationList = 3FF86BC21647D4FD00CB3682 /* Build configuration list for PBXNativeTarget "BTNetworkTests" */;
			buildPhases = (
				3FF86BA81647D4FD00CB3682 /* Sources */,
				3FF86BA91647D4FD00CB3682 /* Frameworks */,
				3FF86BAA1647D4FD00CB3682 /* Resources */,
				3FF86BAB1647D4FD00CB3682 /* ShellScript */,
			);
			buildRules = (
			);
			dependencies = (
				3FF86BB31647D4FD00CB3682 /* PBXTargetDependency */,
			);
			name = BTNetworkTests;
			productName = BTNetworkTests;
			productReference = 3FF86BAD1647D4FD00CB3682 /* BTNetworkTests.octest */;
			productType = "com.apple.product-type.bundle";
		};
/* End PBXNativeTarget section */

/* Begin PBXProject section */
		3FF86B831647D4FD00CB3682 /* Project object */ = {
			isa = PBXProject;
			attributes = {
				CLASSPREFIX = BT;
				LastUpgradeCheck = 0450;
				ORGANIZATIONNAME = "He baochen";
			};
			buildConfigurationList = 3FF86B861647D4FD00CB3682 /* Build configuration list for PBXProject "BTNetwork" */;
			compatibilityVersion = "Xcode 3.2";
			developmentRegion = English;
			hasScannedForEncodings = 0;
			knownRegions = (
				en,
			);
			mainGroup = 3FF86B811647D4FD00CB3682;
			productRefGroup = 3FF86B8D1647D4FD00CB3682 /* Products */;
			projectDirPath = "";
			projectRoot = "";
			targets = (
				3FF86B8B1647D4FD00CB3682 /* BTNetwork */,
				3FF86BAC1647D4FD00CB3682 /* BTNetworkTests */,
			);
		};
/* End PBXProject section */

/* Begin PBXResourcesBuildPhase section */
		3FF86B8A1647D4FD00CB3682 /* Resources */ = {
			isa = PBXResourcesBuildPhase;
			buildActionMask = 2147483647;
			files = (
				3FF86B9B1647D4FD00CB3682 /* InfoPlist.strings in Resources */,
				3FF86BA31647D4FD00CB3682 /* Default.png in Resources */,
				3FF86BA51647D4FD00CB3682 /* Default@2x.png in Resources */,
				3FF86BA71647D4FD00CB3682 /* Default-568h@2x.png in Resources */,
				3FF084F91649048000AAD1FB /* global0.json in Resources */,
				3F1FFCB816493EFD00C6251F /* profile-image-placeholder.png in Resources */,
				3F1FFCB916493EFD00C6251F /* profile-image-placeholder@2x.png in Resources */,
				3F1FFCBB16493FBD00C6251F /* global1.json in Resources */,
				3FC0C427164B502800D5D800 /* global2.json in Resources */,
				3FE29D32164F7F8500D5616B /* global3.json in Resources */,
			);
			runOnlyForDeploymentPostprocessing = 0;
		};
		3FF86BAA1647D4FD00CB3682 /* Resources */ = {
			isa = PBXResourcesBuildPhase;
			buildActionMask = 2147483647;
			files = (
				3FF86BB91647D4FD00CB3682 /* InfoPlist.strings in Resources */,
			);
			runOnlyForDeploymentPostprocessing = 0;
		};
/* End PBXResourcesBuildPhase section */

/* Begin PBXShellScriptBuildPhase section */
		3FF86BAB1647D4FD00CB3682 /* ShellScript */ = {
			isa = PBXShellScriptBuildPhase;
			buildActionMask = 2147483647;
			files = (
			);
			inputPaths = (
			);
			outputPaths = (
			);
			runOnlyForDeploymentPostprocessing = 0;
			shellPath = /bin/sh;
			shellScript = "# Run the unit tests in this test bundle.\n\"${SYSTEM_DEVELOPER_DIR}/Tools/RunUnitTests\"\n";
		};
/* End PBXShellScriptBuildPhase section */

/* Begin PBXSourcesBuildPhase section */
		3FF86B881647D4FD00CB3682 /* Sources */ = {
			isa = PBXSourcesBuildPhase;
			buildActionMask = 2147483647;
			files = (
				3FF86B9D1647D4FD00CB3682 /* main.m in Sources */,
				3FF86BA11647D4FD00CB3682 /* BTAppDelegate.m in Sources */,
				3FF084EC1648F64B00AAD1FB /* BTRootViewController.m in Sources */,
				3FF084F01648FE6200AAD1FB /* BTBaseFeedController.m in Sources */,
				3FF084F61648FFF100AAD1FB /* Post.m in Sources */,
				3FF084F71648FFF100AAD1FB /* User.m in Sources */,
				3FF084FD1649052500AAD1FB /* PostTableViewCell.m in Sources */,
				3F1FFD0B164940FE00C6251F /* NSDataAdditions.m in Sources */,
				3F1FFD0C164940FE00C6251F /* NSObjectAdditions.m in Sources */,
				3F1FFD0D164940FE00C6251F /* NSStringAdditions.m in Sources */,
				3F1FFD0E164940FE00C6251F /* TTRequestLoader-Debug.m in Sources */,
				3F1FFD0F164940FE00C6251F /* TTURLRequestQueue-Debug.m in Sources */,
				3F1FFD10164940FE00C6251F /* TTDebug.m in Sources */,
				3F1FFD11164940FE00C6251F /* TTErrorCodes.m in Sources */,
				3F1FFD12164940FE00C6251F /* TTGlobalCore.m in Sources */,
				3F1FFD13164940FE00C6251F /* TTGlobalCorePaths.m in Sources */,
				3F1FFD14164940FE00C6251F /* TTURLCache.m in Sources */,
				3F1FFD15164940FE00C6251F /* Only320Network.m in Sources */,
				3F1FFD16164940FE00C6251F /* TTNetImageView.m in Sources */,
				3F1FFD17164940FE00C6251F /* TTRequestLoader.m in Sources */,
				3F1FFD18164940FE00C6251F /* TTURLDataResponse.m in Sources */,
				3F1FFD19164940FE00C6251F /* TTURLImageResponse.m in Sources */,
				3F1FFD1A164940FE00C6251F /* TTURLRequest.m in Sources */,
				3F1FFD1B164940FE00C6251F /* TTURLRequestQueue.m in Sources */,
				3F1FFD1C164940FE00C6251F /* TTUserInfo.m in Sources */,
				4EDC5296164B630A00E3C490 /* BTGlobalFeedController1.m in Sources */,
				3FE29D28164F485C00D5616B /* BTGlobalFeedController2.m in Sources */,
				3FE29D2C164F72E400D5616B /* BTConsoleViewController.m in Sources */,
				3FE29D35164F812300D5616B /* BTGlobalFeedController2n.m in Sources */,
				3FE29D3B164F86BF00D5616B /* UITableViewController-Console.m in Sources */,
				3FE29D3F164F8EA700D5616B /* BTDetailViewController.m in Sources */,
			);
			runOnlyForDeploymentPostprocessing = 0;
		};
		3FF86BA81647D4FD00CB3682 /* Sources */ = {
			isa = PBXSourcesBuildPhase;
			buildActionMask = 2147483647;
			files = (
				3FF86BBC1647D4FD00CB3682 /* BTNetworkTests.m in Sources */,
			);
			runOnlyForDeploymentPostprocessing = 0;
		};
/* End PBXSourcesBuildPhase section */

/* Begin PBXTargetDependency section */
		3FF86BB31647D4FD00CB3682 /* PBXTargetDependency */ = {
			isa = PBXTargetDependency;
			target = 3FF86B8B1647D4FD00CB3682 /* BTNetwork */;
			targetProxy = 3FF86BB21647D4FD00CB3682 /* PBXContainerItemProxy */;
		};
/* End PBXTargetDependency section */

/* Begin PBXVariantGroup section */
		3FF86B991647D4FD00CB3682 /* InfoPlist.strings */ = {
			isa = PBXVariantGroup;
			children = (
				3FF86B9A1647D4FD00CB3682 /* en */,
			);
			name = InfoPlist.strings;
			sourceTree = "<group>";
		};
		3FF86BB71647D4FD00CB3682 /* InfoPlist.strings */ = {
			isa = PBXVariantGroup;
			children = (
				3FF86BB81647D4FD00CB3682 /* en */,
			);
			name = InfoPlist.strings;
			sourceTree = "<group>";
		};
/* End PBXVariantGroup section */

/* Begin XCBuildConfiguration section */
		3FF86BBD1647D4FD00CB3682 /* Debug */ = {
			isa = XCBuildConfiguration;
			buildSettings = {
				ALWAYS_SEARCH_USER_PATHS = NO;
				CLANG_CXX_LANGUAGE_STANDARD = "gnu++0x";
				CLANG_CXX_LIBRARY = "libc++";
				CLANG_WARN_EMPTY_BODY = YES;
				CLANG_WARN__DUPLICATE_METHOD_MATCH = YES;
				"CODE_SIGN_IDENTITY[sdk=iphoneos*]" = "iPhone Developer";
				COPY_PHASE_STRIP = NO;
				GCC_C_LANGUAGE_STANDARD = gnu99;
				GCC_DYNAMIC_NO_PIC = NO;
				GCC_OPTIMIZATION_LEVEL = 0;
				GCC_PREPROCESSOR_DEFINITIONS = (
					"DEBUG=1",
					"$(inherited)",
				);
				GCC_SYMBOLS_PRIVATE_EXTERN = NO;
				GCC_WARN_ABOUT_RETURN_TYPE = YES;
				GCC_WARN_UNINITIALIZED_AUTOS = YES;
				GCC_WARN_UNUSED_VARIABLE = YES;
				IPHONEOS_DEPLOYMENT_TARGET = 5.0;
				SDKROOT = iphoneos6.0;
				TARGETED_DEVICE_FAMILY = "1,2";
			};
			name = Debug;
		};
		3FF86BBE1647D4FD00CB3682 /* Release */ = {
			isa = XCBuildConfiguration;
			buildSettings = {
				ALWAYS_SEARCH_USER_PATHS = NO;
				CLANG_CXX_LANGUAGE_STANDARD = "gnu++0x";
				CLANG_CXX_LIBRARY = "libc++";
				CLANG_WARN_EMPTY_BODY = YES;
				CLANG_WARN__DUPLICATE_METHOD_MATCH = YES;
				"CODE_SIGN_IDENTITY[sdk=iphoneos*]" = "iPhone Developer";
				COPY_PHASE_STRIP = YES;
				GCC_C_LANGUAGE_STANDARD = gnu99;
				GCC_WARN_ABOUT_RETURN_TYPE = YES;
				GCC_WARN_UNINITIALIZED_AUTOS = YES;
				GCC_WARN_UNUSED_VARIABLE = YES;
				IPHONEOS_DEPLOYMENT_TARGET = 5.0;
				OTHER_CFLAGS = "-DNS_BLOCK_ASSERTIONS=1";
				SDKROOT = iphoneos6.0;
				TARGETED_DEVICE_FAMILY = "1,2";
				VALIDATE_PRODUCT = YES;
			};
			name = Release;
		};
		3FF86BC01647D4FD00CB3682 /* Debug */ = {
			isa = XCBuildConfiguration;
			buildSettings = {
				GCC_PRECOMPILE_PREFIX_HEADER = YES;
				GCC_PREFIX_HEADER = "BTNetwork/BTNetwork-Prefix.pch";
				INFOPLIST_FILE = "BTNetwork/BTNetwork-Info.plist";
				IPHONEOS_DEPLOYMENT_TARGET = 5.0;
				PRODUCT_NAME = "$(TARGET_NAME)";
				SDKROOT = iphoneos;
				TARGETED_DEVICE_FAMILY = "1,2";
				WRAPPER_EXTENSION = app;
			};
			name = Debug;
		};
		3FF86BC11647D4FD00CB3682 /* Release */ = {
			isa = XCBuildConfiguration;
			buildSettings = {
				GCC_PRECOMPILE_PREFIX_HEADER = YES;
				GCC_PREFIX_HEADER = "BTNetwork/BTNetwork-Prefix.pch";
				INFOPLIST_FILE = "BTNetwork/BTNetwork-Info.plist";
				IPHONEOS_DEPLOYMENT_TARGET = 5.0;
				PRODUCT_NAME = "$(TARGET_NAME)";
				SDKROOT = iphoneos;
				TARGETED_DEVICE_FAMILY = "1,2";
				WRAPPER_EXTENSION = app;
			};
			name = Release;
		};
		3FF86BC31647D4FD00CB3682 /* Debug */ = {
			isa = XCBuildConfiguration;
			buildSettings = {
				BUNDLE_LOADER = "$(BUILT_PRODUCTS_DIR)/BTNetwork.app/BTNetwork";
				FRAMEWORK_SEARCH_PATHS = (
					"\"$(SDKROOT)/Developer/Library/Frameworks\"",
					"\"$(DEVELOPER_LIBRARY_DIR)/Frameworks\"",
				);
				GCC_PRECOMPILE_PREFIX_HEADER = YES;
				GCC_PREFIX_HEADER = "BTNetwork/BTNetwork-Prefix.pch";
				INFOPLIST_FILE = "BTNetworkTests/BTNetworkTests-Info.plist";
				PRODUCT_NAME = "$(TARGET_NAME)";
				TEST_HOST = "$(BUNDLE_LOADER)";
				WRAPPER_EXTENSION = octest;
			};
			name = Debug;
		};
		3FF86BC41647D4FD00CB3682 /* Release */ = {
			isa = XCBuildConfiguration;
			buildSettings = {
				BUNDLE_LOADER = "$(BUILT_PRODUCTS_DIR)/BTNetwork.app/BTNetwork";
				FRAMEWORK_SEARCH_PATHS = (
					"\"$(SDKROOT)/Developer/Library/Frameworks\"",
					"\"$(DEVELOPER_LIBRARY_DIR)/Frameworks\"",
				);
				GCC_PRECOMPILE_PREFIX_HEADER = YES;
				GCC_PREFIX_HEADER = "BTNetwork/BTNetwork-Prefix.pch";
				INFOPLIST_FILE = "BTNetworkTests/BTNetworkTests-Info.plist";
				PRODUCT_NAME = "$(TARGET_NAME)";
				TEST_HOST = "$(BUNDLE_LOADER)";
				WRAPPER_EXTENSION = octest;
			};
			name = Release;
		};
/* End XCBuildConfiguration section */

/* Begin XCConfigurationList section */
		3FF86B861647D4FD00CB3682 /* Build configuration list for PBXProject "BTNetwork" */ = {
			isa = XCConfigurationList;
			buildConfigurations = (
				3FF86BBD1647D4FD00CB3682 /* Debug */,
				3FF86BBE1647D4FD00CB3682 /* Release */,
			);
			defaultConfigurationIsVisible = 0;
			defaultConfigurationName = Release;
		};
		3FF86BBF1647D4FD00CB3682 /* Build configuration list for PBXNativeTarget "BTNetwork" */ = {
			isa = XCConfigurationList;
			buildConfigurations = (
				3FF86BC01647D4FD00CB3682 /* Debug */,
				3FF86BC11647D4FD00CB3682 /* Release */,
			);
			defaultConfigurationIsVisible = 0;
			defaultConfigurationName = Release;
		};
		3FF86BC21647D4FD00CB3682 /* Build configuration list for PBXNativeTarget "BTNetworkTests" */ = {
			isa = XCConfigurationList;
			buildConfigurations = (
				3FF86BC31647D4FD00CB3682 /* Debug */,
				3FF86BC41647D4FD00CB3682 /* Release */,
			);
			defaultConfigurationIsVisible = 0;
			defaultConfigurationName = Release;
		};
/* End XCConfigurationList section */
	};
	rootObject = 3FF86B831647D4FD00CB3682 /* Project object */;
}
